
Microsoft Visual Studio Solution File, Format Version 12.00
# Visual Studio 15
VisualStudioVersion = 15.0.28307.329
MinimumVisualStudioVersion = 10.0.40219.1
Project("{9A19103F-16F7-4668-BE54-9A1E7A4F7556}") = "HicknHack.Twofold.Core", "src\Twofold.Core\HicknHack.Twofold.Core.csproj", "{E7D27F52-C5AF-4314-B270-75560CC7E820}"
EndProject
Project("{FAE04EC0-301F-11D3-BF4B-00C04F79EFBC}") = "HicknHack.Twofold.Samples", "src\Twofold.Samples\HicknHack.Twofold.Samples.csproj", "{DEDFE4B4-0B4A-4E59-8E32-F8DA8F712DC3}"
EndProject
Project("{FAE04EC0-301F-11D3-BF4B-00C04F79EFBC}") = "HicknHack.Twofold.Tests", "tests\Twofold.Tests\HicknHack.Twofold.Tests.csproj", "{AC355E5E-8D40-4E6E-A603-ACB96B3FE50B}"
EndProject
Global
	GlobalSection(SolutionConfigurationPlatforms) = preSolution
		Debug|Any CPU = Debug|Any CPU
		Release|Any CPU = Release|Any CPU
	EndGlobalSection
	GlobalSection(ProjectConfigurationPlatforms) = postSolution
		{DEDFE4B4-0B4A-4E59-8E32-F8DA8F712DC3}.Debug|Any CPU.ActiveCfg = Debug|Any CPU
		{DEDFE4B4-0B4A-4E59-8E32-F8DA8F712DC3}.Debug|Any CPU.Build.0 = Debug|Any CPU
		{DEDFE4B4-0B4A-4E59-8E32-F8DA8F712DC3}.Release|Any CPU.ActiveCfg = Release|Any CPU
		{DEDFE4B4-0B4A-4E59-8E32-F8DA8F712DC3}.Release|Any CPU.Build.0 = Release|Any CPU
		{AC355E5E-8D40-4E6E-A603-ACB96B3FE50B}.Debug|Any CPU.ActiveCfg = Debug|Any CPU
		{AC355E5E-8D40-4E6E-A603-ACB96B3FE50B}.Debug|Any CPU.Build.0 = Debug|Any CPU
		{AC355E5E-8D40-4E6E-A603-ACB96B3FE50B}.Release|Any CPU.ActiveCfg = Release|Any CPU
		{AC355E5E-8D40-4E6E-A603-ACB96B3FE50B}.Release|Any CPU.Build.0 = Release|Any CPU
		{E7D27F52-C5AF-4314-B270-75560CC7E820}.Debug|Any CPU.ActiveCfg = Debug|Any CPU
		{E7D27F52-C5AF-4314-B270-75560CC7E820}.Debug|Any CPU.Build.0 = Debug|Any CPU
		{E7D27F52-C5AF-4314-B270-75560CC7E820}.Release|Any CPU.ActiveCfg = Release|Any CPU
		{E7D27F52-C5AF-4314-B270-75560CC7E820}.Release|Any CPU.Build.0 = Release|Any CPU
	EndGlobalSection
	GlobalSection(SolutionProperties) = preSolution
		HideSolutionNode = FALSE
	EndGlobalSection
	GlobalSection(ExtensibilityGlobals) = postSolution
		SolutionGuid = {82C78419-F03B-4B17-9F29-277AB64737E5}
	EndGlobalSection
EndGlobal
